
Microsoft Visual Studio Solution File, Format Version 12.00
# Visual Studio Version 17
VisualStudioVersion = 17.13.35806.99
MinimumVisualStudioVersion = 10.0.40219.1
Project("{8BC9CEB8-8B4A-11D0-8D11-00A0C91BC942}") = "pointer", "pointer\pointer.vcxproj", "{09D42A92-99D2-4C23-AB23-240735321B61}"
EndProject
Project("{8BC9CEB8-8B4A-11D0-8D11-00A0C91BC942}") = "2", "2\2.vcxproj", "{9C338655-1674-463B-ACE1-7434260E1C74}"
EndProject
Project("{8BC9CEB8-8B4A-11D0-8D11-00A0C91BC942}") = "ch3", "ch3\ch3.vcxproj", "{C73ED204-DD0B-4A17-829B-ECB5EB9DCBEA}"
EndProject
Project("{8BC9CEB8-8B4A-11D0-8D11-00A0C91BC942}") = "ch4", "ch4\ch4.vcxproj", "{1E37CF49-7420-4B68-8BEC-00E846C96B22}"
EndProject
Project("{8BC9CEB8-8B4A-11D0-8D11-00A0C91BC942}") = "ch5", "ch5\ch5.vcxproj", "{E9E10AFF-265C-4C2F-9B4D-41A77BAC7942}"
EndProject
Project("{8BC9CEB8-8B4A-11D0-8D11-00A0C91BC942}") = "ch6", "ch6\ch6.vcxproj", "{2BD6A5B1-A15A-4538-AC20-71C47F76AAE8}"
EndProject
Project("{8BC9CEB8-8B4A-11D0-8D11-00A0C91BC942}") = "ch7", "ch7\ch7.vcxproj", "{6A4DE252-02F3-4FFE-BD1A-995726DF0335}"
EndProject
Project("{8BC9CEB8-8B4A-11D0-8D11-00A0C91BC942}") = "ch8", "ch8\ch8.vcxproj", "{B96B95D2-6432-4602-A035-3A7DC5092758}"
EndProject
Project("{8BC9CEB8-8B4A-11D0-8D11-00A0C91BC942}") = "ch9", "ch9\ch9.vcxproj", "{0DD45CC4-BC83-44BE-BEC2-86B9701CB924}"
EndProject
Project("{8BC9CEB8-8B4A-11D0-8D11-00A0C91BC942}") = "ch10", "ch10\ch10.vcxproj", "{6E61EC25-D238-4021-9927-3BBF6CAE3EB3}"
EndProject
Project("{8BC9CEB8-8B4A-11D0-8D11-00A0C91BC942}") = "ch11", "ch11\ch11.vcxproj", "{BF8F63A6-11D5-4B04-9C73-E3C493FD4B2D}"
EndProject
Project("{8BC9CEB8-8B4A-11D0-8D11-00A0C91BC942}") = "test", "test\test.vcxproj", "{16F71D01-F8E5-47F8-BF1B-FD6A5F9E87A6}"
EndProject
Project("{8BC9CEB8-8B4A-11D0-8D11-00A0C91BC942}") = "ch12", "ch12\ch12.vcxproj", "{B6B15FC5-0C32-4C12-850E-598D74DA761A}"
EndProject
Project("{8BC9CEB8-8B4A-11D0-8D11-00A0C91BC942}") = "game_@", "game3\game3.vcxproj", "{BFF05E5A-4207-4B1D-9A05-F55CD971D709}"
EndProject
Global
	GlobalSection(SolutionConfigurationPlatforms) = preSolution
		Debug|x64 = Debug|x64
		Debug|x86 = Debug|x86
		Release|x64 = Release|x64
		Release|x86 = Release|x86
	EndGlobalSection
	GlobalSection(ProjectConfigurationPlatforms) = postSolution
		{09D42A92-99D2-4C23-AB23-240735321B61}.Debug|x64.ActiveCfg = Debug|x64
		{09D42A92-99D2-4C23-AB23-240735321B61}.Debug|x64.Build.0 = Debug|x64
		{09D42A92-99D2-4C23-AB23-240735321B61}.Debug|x86.ActiveCfg = Debug|Win32
		{09D42A92-99D2-4C23-AB23-240735321B61}.Debug|x86.Build.0 = Debug|Win32
		{09D42A92-99D2-4C23-AB23-240735321B61}.Release|x64.ActiveCfg = Release|x64
		{09D42A92-99D2-4C23-AB23-240735321B61}.Release|x64.Build.0 = Release|x64
		{09D42A92-99D2-4C23-AB23-240735321B61}.Release|x86.ActiveCfg = Release|Win32
		{09D42A92-99D2-4C23-AB23-240735321B61}.Release|x86.Build.0 = Release|Win32
		{9C338655-1674-463B-ACE1-7434260E1C74}.Debug|x64.ActiveCfg = Debug|x64
		{9C338655-1674-463B-ACE1-7434260E1C74}.Debug|x64.Build.0 = Debug|x64
		{9C338655-1674-463B-ACE1-7434260E1C74}.Debug|x86.ActiveCfg = Debug|Win32
		{9C338655-1674-463B-ACE1-7434260E1C74}.Debug|x86.Build.0 = Debug|Win32
		{9C338655-1674-463B-ACE1-7434260E1C74}.Release|x64.ActiveCfg = Release|x64
		{9C338655-1674-463B-ACE1-7434260E1C74}.Release|x64.Build.0 = Release|x64
		{9C338655-1674-463B-ACE1-7434260E1C74}.Release|x86.ActiveCfg = Release|Win32
		{9C338655-1674-463B-ACE1-7434260E1C74}.Release|x86.Build.0 = Release|Win32
		{C73ED204-DD0B-4A17-829B-ECB5EB9DCBEA}.Debug|x64.ActiveCfg = Debug|x64
		{C73ED204-DD0B-4A17-829B-ECB5EB9DCBEA}.Debug|x64.Build.0 = Debug|x64
		{C73ED204-DD0B-4A17-829B-ECB5EB9DCBEA}.Debug|x86.ActiveCfg = Debug|Win32
		{C73ED204-DD0B-4A17-829B-ECB5EB9DCBEA}.Debug|x86.Build.0 = Debug|Win32
		{C73ED204-DD0B-4A17-829B-ECB5EB9DCBEA}.Release|x64.ActiveCfg = Release|x64
		{C73ED204-DD0B-4A17-829B-ECB5EB9DCBEA}.Release|x64.Build.0 = Release|x64
		{C73ED204-DD0B-4A17-829B-ECB5EB9DCBEA}.Release|x86.ActiveCfg = Release|Win32
		{C73ED204-DD0B-4A17-829B-ECB5EB9DCBEA}.Release|x86.Build.0 = Release|Win32
		{1E37CF49-7420-4B68-8BEC-00E846C96B22}.Debug|x64.ActiveCfg = Debug|x64
		{1E37CF49-7420-4B68-8BEC-00E846C96B22}.Debug|x64.Build.0 = Debug|x64
		{1E37CF49-7420-4B68-8BEC-00E846C96B22}.Debug|x86.ActiveCfg = Debug|Win32
		{1E37CF49-7420-4B68-8BEC-00E846C96B22}.Debug|x86.Build.0 = Debug|Win32
		{1E37CF49-7420-4B68-8BEC-00E846C96B22}.Release|x64.ActiveCfg = Release|x64
		{1E37CF49-7420-4B68-8BEC-00E846C96B22}.Release|x64.Build.0 = Release|x64
		{1E37CF49-7420-4B68-8BEC-00E846C96B22}.Release|x86.ActiveCfg = Release|Win32
		{1E37CF49-7420-4B68-8BEC-00E846C96B22}.Release|x86.Build.0 = Release|Win32
		{E9E10AFF-265C-4C2F-9B4D-41A77BAC7942}.Debug|x64.ActiveCfg = Debug|x64
		{E9E10AFF-265C-4C2F-9B4D-41A77BAC7942}.Debug|x64.Build.0 = Debug|x64
		{E9E10AFF-265C-4C2F-9B4D-41A77BAC7942}.Debug|x86.ActiveCfg = Debug|Win32
		{E9E10AFF-265C-4C2F-9B4D-41A77BAC7942}.Debug|x86.Build.0 = Debug|Win32
		{E9E10AFF-265C-4C2F-9B4D-41A77BAC7942}.Release|x64.ActiveCfg = Release|x64
		{E9E10AFF-265C-4C2F-9B4D-41A77BAC7942}.Release|x64.Build.0 = Release|x64
		{E9E10AFF-265C-4C2F-9B4D-41A77BAC7942}.Release|x86.ActiveCfg = Release|Win32
		{E9E10AFF-265C-4C2F-9B4D-41A77BAC7942}.Release|x86.Build.0 = Release|Win32
		{2BD6A5B1-A15A-4538-AC20-71C47F76AAE8}.Debug|x64.ActiveCfg = Debug|x64
		{2BD6A5B1-A15A-4538-AC20-71C47F76AAE8}.Debug|x64.Build.0 = Debug|x64
		{2BD6A5B1-A15A-4538-AC20-71C47F76AAE8}.Debug|x86.ActiveCfg = Debug|Win32
		{2BD6A5B1-A15A-4538-AC20-71C47F76AAE8}.Debug|x86.Build.0 = Debug|Win32
		{2BD6A5B1-A15A-4538-AC20-71C47F76AAE8}.Release|x64.ActiveCfg = Release|x64
		{2BD6A5B1-A15A-4538-AC20-71C47F76AAE8}.Release|x64.Build.0 = Release|x64
		{2BD6A5B1-A15A-4538-AC20-71C47F76AAE8}.Release|x86.ActiveCfg = Release|Win32
		{2BD6A5B1-A15A-4538-AC20-71C47F76AAE8}.Release|x86.Build.0 = Release|Win32
		{6A4DE252-02F3-4FFE-BD1A-995726DF0335}.Debug|x64.ActiveCfg = Debug|x64
		{6A4DE252-02F3-4FFE-BD1A-995726DF0335}.Debug|x64.Build.0 = Debug|x64
		{6A4DE252-02F3-4FFE-BD1A-995726DF0335}.Debug|x86.ActiveCfg = Debug|Win32
		{6A4DE252-02F3-4FFE-BD1A-995726DF0335}.Debug|x86.Build.0 = Debug|Win32
		{6A4DE252-02F3-4FFE-BD1A-995726DF0335}.Release|x64.ActiveCfg = Release|x64
		{6A4DE252-02F3-4FFE-BD1A-995726DF0335}.Release|x64.Build.0 = Release|x64
		{6A4DE252-02F3-4FFE-BD1A-995726DF0335}.Release|x86.ActiveCfg = Release|Win32
		{6A4DE252-02F3-4FFE-BD1A-995726DF0335}.Release|x86.Build.0 = Release|Win32
		{B96B95D2-6432-4602-A035-3A7DC5092758}.Debug|x64.ActiveCfg = Debug|x64
		{B96B95D2-6432-4602-A035-3A7DC5092758}.Debug|x64.Build.0 = Debug|x64
		{B96B95D2-6432-4602-A035-3A7DC5092758}.Debug|x86.ActiveCfg = Debug|Win32
		{B96B95D2-6432-4602-A035-3A7DC5092758}.Debug|x86.Build.0 = Debug|Win32
		{B96B95D2-6432-4602-A035-3A7DC5092758}.Release|x64.ActiveCfg = Release|x64
		{B96B95D2-6432-4602-A035-3A7DC5092758}.Release|x64.Build.0 = Release|x64
		{B96B95D2-6432-4602-A035-3A7DC5092758}.Release|x86.ActiveCfg = Release|Win32
		{B96B95D2-6432-4602-A035-3A7DC5092758}.Release|x86.Build.0 = Release|Win32
		{0DD45CC4-BC83-44BE-BEC2-86B9701CB924}.Debug|x64.ActiveCfg = Debug|x64
		{0DD45CC4-BC83-44BE-BEC2-86B9701CB924}.Debug|x64.Build.0 = Debug|x64
		{0DD45CC4-BC83-44BE-BEC2-86B9701CB924}.Debug|x86.ActiveCfg = Debug|Win32
		{0DD45CC4-BC83-44BE-BEC2-86B9701CB924}.Debug|x86.Build.0 = Debug|Win32
		{0DD45CC4-BC83-44BE-BEC2-86B9701CB924}.Release|x64.ActiveCfg = Release|x64
		{0DD45CC4-BC83-44BE-BEC2-86B9701CB924}.Release|x64.Build.0 = Release|x64
		{0DD45CC4-BC83-44BE-BEC2-86B9701CB924}.Release|x86.ActiveCfg = Release|Win32
		{0DD45CC4-BC83-44BE-BEC2-86B9701CB924}.Release|x86.Build.0 = Release|Win32
		{6E61EC25-D238-4021-9927-3BBF6CAE3EB3}.Debug|x64.ActiveCfg = Debug|x64
		{6E61EC25-D238-4021-9927-3BBF6CAE3EB3}.Debug|x64.Build.0 = Debug|x64
		{6E61EC25-D238-4021-9927-3BBF6CAE3EB3}.Debug|x86.ActiveCfg = Debug|Win32
		{6E61EC25-D238-4021-9927-3BBF6CAE3EB3}.Debug|x86.Build.0 = Debug|Win32
		{6E61EC25-D238-4021-9927-3BBF6CAE3EB3}.Release|x64.ActiveCfg = Release|x64
		{6E61EC25-D238-4021-9927-3BBF6CAE3EB3}.Release|x64.Build.0 = Release|x64
		{6E61EC25-D238-4021-9927-3BBF6CAE3EB3}.Release|x86.ActiveCfg = Release|Win32
		{6E61EC25-D238-4021-9927-3BBF6CAE3EB3}.Release|x86.Build.0 = Release|Win32
		{BF8F63A6-11D5-4B04-9C73-E3C493FD4B2D}.Debug|x64.ActiveCfg = Debug|x64
		{BF8F63A6-11D5-4B04-9C73-E3C493FD4B2D}.Debug|x64.Build.0 = Debug|x64
		{BF8F63A6-11D5-4B04-9C73-E3C493FD4B2D}.Debug|x86.ActiveCfg = Debug|Win32
		{BF8F63A6-11D5-4B04-9C73-E3C493FD4B2D}.Debug|x86.Build.0 = Debug|Win32
		{BF8F63A6-11D5-4B04-9C73-E3C493FD4B2D}.Release|x64.ActiveCfg = Release|x64
		{BF8F63A6-11D5-4B04-9C73-E3C493FD4B2D}.Release|x64.Build.0 = Release|x64
		{BF8F63A6-11D5-4B04-9C73-E3C493FD4B2D}.Release|x86.ActiveCfg = Release|Win32
		{BF8F63A6-11D5-4B04-9C73-E3C493FD4B2D}.Release|x86.Build.0 = Release|Win32
		{16F71D01-F8E5-47F8-BF1B-FD6A5F9E87A6}.Debug|x64.ActiveCfg = Debug|x64
		{16F71D01-F8E5-47F8-BF1B-FD6A5F9E87A6}.Debug|x64.Build.0 = Debug|x64
		{16F71D01-F8E5-47F8-BF1B-FD6A5F9E87A6}.Debug|x86.ActiveCfg = Debug|Win32
		{16F71D01-F8E5-47F8-BF1B-FD6A5F9E87A6}.Debug|x86.Build.0 = Debug|Win32
		{16F71D01-F8E5-47F8-BF1B-FD6A5F9E87A6}.Release|x64.ActiveCfg = Release|x64
		{16F71D01-F8E5-47F8-BF1B-FD6A5F9E87A6}.Release|x64.Build.0 = Release|x64
		{16F71D01-F8E5-47F8-BF1B-FD6A5F9E87A6}.Release|x86.ActiveCfg = Release|Win32
		{16F71D01-F8E5-47F8-BF1B-FD6A5F9E87A6}.Release|x86.Build.0 = Release|Win32
		{B6B15FC5-0C32-4C12-850E-598D74DA761A}.Debug|x64.ActiveCfg = Debug|x64
		{B6B15FC5-0C32-4C12-850E-598D74DA761A}.Debug|x64.Build.0 = Debug|x64
		{B6B15FC5-0C32-4C12-850E-598D74DA761A}.Debug|x86.ActiveCfg = Debug|Win32
		{B6B15FC5-0C32-4C12-850E-598D74DA761A}.Debug|x86.Build.0 = Debug|Win32
		{B6B15FC5-0C32-4C12-850E-598D74DA761A}.Release|x64.ActiveCfg = Release|x64
		{B6B15FC5-0C32-4C12-850E-598D74DA761A}.Release|x64.Build.0 = Release|x64
		{B6B15FC5-0C32-4C12-850E-598D74DA761A}.Release|x86.ActiveCfg = Release|Win32
		{B6B15FC5-0C32-4C12-850E-598D74DA761A}.Release|x86.Build.0 = Release|Win32
		{BFF05E5A-4207-4B1D-9A05-F55CD971D709}.Debug|x64.ActiveCfg = Debug|x64
		{BFF05E5A-4207-4B1D-9A05-F55CD971D709}.Debug|x64.Build.0 = Debug|x64
		{BFF05E5A-4207-4B1D-9A05-F55CD971D709}.Debug|x86.ActiveCfg = Debug|Win32
		{BFF05E5A-4207-4B1D-9A05-F55CD971D709}.Debug|x86.Build.0 = Debug|Win32
		{BFF05E5A-4207-4B1D-9A05-F55CD971D709}.Release|x64.ActiveCfg = Release|x64
		{BFF05E5A-4207-4B1D-9A05-F55CD971D709}.Release|x64.Build.0 = Release|x64
		{BFF05E5A-4207-4B1D-9A05-F55CD971D709}.Release|x86.ActiveCfg = Release|Win32
		{BFF05E5A-4207-4B1D-9A05-F55CD971D709}.Release|x86.Build.0 = Release|Win32
	EndGlobalSection
	GlobalSection(SolutionProperties) = preSolution
		HideSolutionNode = FALSE
	EndGlobalSection
	GlobalSection(ExtensibilityGlobals) = postSolution
		SolutionGuid = {053F3419-15AC-411F-81F4-2CD951ADC44C}
	EndGlobalSection
EndGlobal
